
Microsoft Visual Studio Solution File, Format Version 12.00
# Visual Studio Version 16
VisualStudioVersion = 16.0.30503.244
MinimumVisualStudioVersion = 10.0.40219.1
Project("{D954291E-2A0B-460D-934E-DC6B0785DB48}") = "UnoBuildDebug.Shared", "UnoBuildDebug\UnoBuildDebug.Shared\UnoBuildDebug.Shared.shproj", "{6279C845-92F8-4333-AB99-3D213163593C}"
EndProject
Project("{FAE04EC0-301F-11D3-BF4B-00C04F79EFBC}") = "UnoBuildDebug.Droid", "UnoBuildDebug\UnoBuildDebug.Droid\UnoBuildDebug.Droid.csproj", "{0106E195-91F4-44DE-BE30-76ADC006F5F9}"
EndProject
Project("{FAE04EC0-301F-11D3-BF4B-00C04F79EFBC}") = "UnoBuildDebug.iOS", "UnoBuildDebug\UnoBuildDebug.iOS\UnoBuildDebug.iOS.csproj", "{32BCCF7F-5F0B-482F-B092-ACC0B853558D}"
EndProject
Project("{FAE04EC0-301F-11D3-BF4B-00C04F79EFBC}") = "UnoBuildDebug.UWP", "UnoBuildDebug\UnoBuildDebug.UWP\UnoBuildDebug.UWP.csproj", "{F28A8593-8D1C-4D9E-8D34-A8F1F049336C}"
EndProject
Project("{FAE04EC0-301F-11D3-BF4B-00C04F79EFBC}") = "UnoBuildDebug.Wasm", "UnoBuildDebug\UnoBuildDebug.Wasm\UnoBuildDebug.Wasm.csproj", "{2D5D40C6-3F17-4913-A405-721E34FD142D}"
EndProject
Project("{FAE04EC0-301F-11D3-BF4B-00C04F79EFBC}") = "UnoBuildDebug.macOS", "UnoBuildDebug\UnoBuildDebug.macOS\UnoBuildDebug.macOS.csproj", "{39340A52-0419-4928-A333-4BA635CC7181}"
EndProject
Global
	GlobalSection(SharedMSBuildProjectFiles) = preSolution
		UnoBuildDebug\UnoBuildDebug.Shared\UnoBuildDebug.Shared.projitems*{0106e195-91f4-44de-be30-76adc006f5f9}*SharedItemsImports = 4
		UnoBuildDebug\UnoBuildDebug.Shared\UnoBuildDebug.Shared.projitems*{2d5d40c6-3f17-4913-a405-721e34fd142d}*SharedItemsImports = 5
		UnoBuildDebug\UnoBuildDebug.Shared\UnoBuildDebug.Shared.projitems*{32bccf7f-5f0b-482f-b092-acc0b853558d}*SharedItemsImports = 4
		UnoBuildDebug\UnoBuildDebug.Shared\UnoBuildDebug.Shared.projitems*{39340a52-0419-4928-a333-4ba635cc7181}*SharedItemsImports = 4
		UnoBuildDebug\UnoBuildDebug.Shared\UnoBuildDebug.Shared.projitems*{6279c845-92f8-4333-ab99-3d213163593c}*SharedItemsImports = 13
		UnoBuildDebug\UnoBuildDebug.Shared\UnoBuildDebug.Shared.projitems*{f28a8593-8d1c-4d9e-8d34-a8f1f049336c}*SharedItemsImports = 4
	EndGlobalSection
	GlobalSection(SolutionConfigurationPlatforms) = preSolution
		Ad-Hoc|Any CPU = Ad-Hoc|Any CPU
		Ad-Hoc|ARM = Ad-Hoc|ARM
		Ad-Hoc|ARM64 = Ad-Hoc|ARM64
		Ad-Hoc|iPhone = Ad-Hoc|iPhone
		Ad-Hoc|iPhoneSimulator = Ad-Hoc|iPhoneSimulator
		Ad-Hoc|x64 = Ad-Hoc|x64
		Ad-Hoc|x86 = Ad-Hoc|x86
		AppStore|Any CPU = AppStore|Any CPU
		AppStore|ARM = AppStore|ARM
		AppStore|ARM64 = AppStore|ARM64
		AppStore|iPhone = AppStore|iPhone
		AppStore|iPhoneSimulator = AppStore|iPhoneSimulator
		AppStore|x64 = AppStore|x64
		AppStore|x86 = AppStore|x86
		Debug|Any CPU = Debug|Any CPU
		Debug|ARM = Debug|ARM
		Debug|ARM64 = Debug|ARM64
		Debug|iPhone = Debug|iPhone
		Debug|iPhoneSimulator = Debug|iPhoneSimulator
		Debug|x64 = Debug|x64
		Debug|x86 = Debug|x86
		Release|Any CPU = Release|Any CPU
		Release|ARM = Release|ARM
		Release|ARM64 = Release|ARM64
		Release|iPhone = Release|iPhone
		Release|iPhoneSimulator = Release|iPhoneSimulator
		Release|x64 = Release|x64
		Release|x86 = Release|x86
	EndGlobalSection
	GlobalSection(ProjectConfigurationPlatforms) = postSolution
		{0106E195-91F4-44DE-BE30-76ADC006F5F9}.Ad-Hoc|Any CPU.ActiveCfg = Debug|Any CPU
		{0106E195-91F4-44DE-BE30-76ADC006F5F9}.Ad-Hoc|Any CPU.Build.0 = Debug|Any CPU
		{0106E195-91F4-44DE-BE30-76ADC006F5F9}.Ad-Hoc|Any CPU.Deploy.0 = Debug|Any CPU
		{0106E195-91F4-44DE-BE30-76ADC006F5F9}.Ad-Hoc|ARM.ActiveCfg = Debug|Any CPU
		{0106E195-91F4-44DE-BE30-76ADC006F5F9}.Ad-Hoc|ARM.Build.0 = Debug|Any CPU
		{0106E195-91F4-44DE-BE30-76ADC006F5F9}.Ad-Hoc|ARM.Deploy.0 = Debug|Any CPU
		{0106E195-91F4-44DE-BE30-76ADC006F5F9}.Ad-Hoc|ARM64.ActiveCfg = Debug|Any CPU
		{0106E195-91F4-44DE-BE30-76ADC006F5F9}.Ad-Hoc|ARM64.Build.0 = Debug|Any CPU
		{0106E195-91F4-44DE-BE30-76ADC006F5F9}.Ad-Hoc|ARM64.Deploy.0 = Debug|Any CPU
		{0106E195-91F4-44DE-BE30-76ADC006F5F9}.Ad-Hoc|iPhone.ActiveCfg = Debug|Any CPU
		{0106E195-91F4-44DE-BE30-76ADC006F5F9}.Ad-Hoc|iPhone.Build.0 = Debug|Any CPU
		{0106E195-91F4-44DE-BE30-76ADC006F5F9}.Ad-Hoc|iPhone.Deploy.0 = Debug|Any CPU
		{0106E195-91F4-44DE-BE30-76ADC006F5F9}.Ad-Hoc|iPhoneSimulator.ActiveCfg = Debug|Any CPU
		{0106E195-91F4-44DE-BE30-76ADC006F5F9}.Ad-Hoc|iPhoneSimulator.Build.0 = Debug|Any CPU
		{0106E195-91F4-44DE-BE30-76ADC006F5F9}.Ad-Hoc|iPhoneSimulator.Deploy.0 = Debug|Any CPU
		{0106E195-91F4-44DE-BE30-76ADC006F5F9}.Ad-Hoc|x64.ActiveCfg = Debug|Any CPU
		{0106E195-91F4-44DE-BE30-76ADC006F5F9}.Ad-Hoc|x64.Build.0 = Debug|Any CPU
		{0106E195-91F4-44DE-BE30-76ADC006F5F9}.Ad-Hoc|x64.Deploy.0 = Debug|Any CPU
		{0106E195-91F4-44DE-BE30-76ADC006F5F9}.Ad-Hoc|x86.ActiveCfg = Debug|Any CPU
		{0106E195-91F4-44DE-BE30-76ADC006F5F9}.Ad-Hoc|x86.Build.0 = Debug|Any CPU
		{0106E195-91F4-44DE-BE30-76ADC006F5F9}.Ad-Hoc|x86.Deploy.0 = Debug|Any CPU
		{0106E195-91F4-44DE-BE30-76ADC006F5F9}.AppStore|Any CPU.ActiveCfg = Debug|Any CPU
		{0106E195-91F4-44DE-BE30-76ADC006F5F9}.AppStore|Any CPU.Build.0 = Debug|Any CPU
		{0106E195-91F4-44DE-BE30-76ADC006F5F9}.AppStore|Any CPU.Deploy.0 = Debug|Any CPU
		{0106E195-91F4-44DE-BE30-76ADC006F5F9}.AppStore|ARM.ActiveCfg = Debug|Any CPU
		{0106E195-91F4-44DE-BE30-76ADC006F5F9}.AppStore|ARM.Build.0 = Debug|Any CPU
		{0106E195-91F4-44DE-BE30-76ADC006F5F9}.AppStore|ARM.Deploy.0 = Debug|Any CPU
		{0106E195-91F4-44DE-BE30-76ADC006F5F9}.AppStore|ARM64.ActiveCfg = Debug|Any CPU
		{0106E195-91F4-44DE-BE30-76ADC006F5F9}.AppStore|ARM64.Build.0 = Debug|Any CPU
		{0106E195-91F4-44DE-BE30-76ADC006F5F9}.AppStore|ARM64.Deploy.0 = Debug|Any CPU
		{0106E195-91F4-44DE-BE30-76ADC006F5F9}.AppStore|iPhone.ActiveCfg = Debug|Any CPU
		{0106E195-91F4-44DE-BE30-76ADC006F5F9}.AppStore|iPhone.Build.0 = Debug|Any CPU
		{0106E195-91F4-44DE-BE30-76ADC006F5F9}.AppStore|iPhone.Deploy.0 = Debug|Any CPU
		{0106E195-91F4-44DE-BE30-76ADC006F5F9}.AppStore|iPhoneSimulator.ActiveCfg = Debug|Any CPU
		{0106E195-91F4-44DE-BE30-76ADC006F5F9}.AppStore|iPhoneSimulator.Build.0 = Debug|Any CPU
		{0106E195-91F4-44DE-BE30-76ADC006F5F9}.AppStore|iPhoneSimulator.Deploy.0 = Debug|Any CPU
		{0106E195-91F4-44DE-BE30-76ADC006F5F9}.AppStore|x64.ActiveCfg = Debug|Any CPU
		{0106E195-91F4-44DE-BE30-76ADC006F5F9}.AppStore|x64.Build.0 = Debug|Any CPU
		{0106E195-91F4-44DE-BE30-76ADC006F5F9}.AppStore|x64.Deploy.0 = Debug|Any CPU
		{0106E195-91F4-44DE-BE30-76ADC006F5F9}.AppStore|x86.ActiveCfg = Debug|Any CPU
		{0106E195-91F4-44DE-BE30-76ADC006F5F9}.AppStore|x86.Build.0 = Debug|Any CPU
		{0106E195-91F4-44DE-BE30-76ADC006F5F9}.AppStore|x86.Deploy.0 = Debug|Any CPU
		{0106E195-91F4-44DE-BE30-76ADC006F5F9}.Debug|Any CPU.ActiveCfg = Debug|Any CPU
		{0106E195-91F4-44DE-BE30-76ADC006F5F9}.Debug|Any CPU.Build.0 = Debug|Any CPU
		{0106E195-91F4-44DE-BE30-76ADC006F5F9}.Debug|Any CPU.Deploy.0 = Debug|Any CPU
		{0106E195-91F4-44DE-BE30-76ADC006F5F9}.Debug|ARM.ActiveCfg = Debug|Any CPU
		{0106E195-91F4-44DE-BE30-76ADC006F5F9}.Debug|ARM.Build.0 = Debug|Any CPU
		{0106E195-91F4-44DE-BE30-76ADC006F5F9}.Debug|ARM.Deploy.0 = Debug|Any CPU
		{0106E195-91F4-44DE-BE30-76ADC006F5F9}.Debug|ARM64.ActiveCfg = Debug|Any CPU
		{0106E195-91F4-44DE-BE30-76ADC006F5F9}.Debug|ARM64.Build.0 = Debug|Any CPU
		{0106E195-91F4-44DE-BE30-76ADC006F5F9}.Debug|ARM64.Deploy.0 = Debug|Any CPU
		{0106E195-91F4-44DE-BE30-76ADC006F5F9}.Debug|iPhone.ActiveCfg = Debug|Any CPU
		{0106E195-91F4-44DE-BE30-76ADC006F5F9}.Debug|iPhone.Build.0 = Debug|Any CPU
		{0106E195-91F4-44DE-BE30-76ADC006F5F9}.Debug|iPhone.Deploy.0 = Debug|Any CPU
		{0106E195-91F4-44DE-BE30-76ADC006F5F9}.Debug|iPhoneSimulator.ActiveCfg = Debug|Any CPU
		{0106E195-91F4-44DE-BE30-76ADC006F5F9}.Debug|iPhoneSimulator.Build.0 = Debug|Any CPU
		{0106E195-91F4-44DE-BE30-76ADC006F5F9}.Debug|iPhoneSimulator.Deploy.0 = Debug|Any CPU
		{0106E195-91F4-44DE-BE30-76ADC006F5F9}.Debug|x64.ActiveCfg = Debug|Any CPU
		{0106E195-91F4-44DE-BE30-76ADC006F5F9}.Debug|x64.Build.0 = Debug|Any CPU
		{0106E195-91F4-44DE-BE30-76ADC006F5F9}.Debug|x64.Deploy.0 = Debug|Any CPU
		{0106E195-91F4-44DE-BE30-76ADC006F5F9}.Debug|x86.ActiveCfg = Debug|Any CPU
		{0106E195-91F4-44DE-BE30-76ADC006F5F9}.Debug|x86.Build.0 = Debug|Any CPU
		{0106E195-91F4-44DE-BE30-76ADC006F5F9}.Debug|x86.Deploy.0 = Debug|Any CPU
		{0106E195-91F4-44DE-BE30-76ADC006F5F9}.Release|Any CPU.ActiveCfg = Release|Any CPU
		{0106E195-91F4-44DE-BE30-76ADC006F5F9}.Release|Any CPU.Build.0 = Release|Any CPU
		{0106E195-91F4-44DE-BE30-76ADC006F5F9}.Release|Any CPU.Deploy.0 = Release|Any CPU
		{0106E195-91F4-44DE-BE30-76ADC006F5F9}.Release|ARM.ActiveCfg = Release|Any CPU
		{0106E195-91F4-44DE-BE30-76ADC006F5F9}.Release|ARM.Build.0 = Release|Any CPU
		{0106E195-91F4-44DE-BE30-76ADC006F5F9}.Release|ARM.Deploy.0 = Release|Any CPU
		{0106E195-91F4-44DE-BE30-76ADC006F5F9}.Release|ARM64.ActiveCfg = Release|Any CPU
		{0106E195-91F4-44DE-BE30-76ADC006F5F9}.Release|ARM64.Build.0 = Release|Any CPU
		{0106E195-91F4-44DE-BE30-76ADC006F5F9}.Release|ARM64.Deploy.0 = Release|Any CPU
		{0106E195-91F4-44DE-BE30-76ADC006F5F9}.Release|iPhone.ActiveCfg = Release|Any CPU
		{0106E195-91F4-44DE-BE30-76ADC006F5F9}.Release|iPhone.Build.0 = Release|Any CPU
		{0106E195-91F4-44DE-BE30-76ADC006F5F9}.Release|iPhone.Deploy.0 = Release|Any CPU
		{0106E195-91F4-44DE-BE30-76ADC006F5F9}.Release|iPhoneSimulator.ActiveCfg = Release|Any CPU
		{0106E195-91F4-44DE-BE30-76ADC006F5F9}.Release|iPhoneSimulator.Build.0 = Release|Any CPU
		{0106E195-91F4-44DE-BE30-76ADC006F5F9}.Release|iPhoneSimulator.Deploy.0 = Release|Any CPU
		{0106E195-91F4-44DE-BE30-76ADC006F5F9}.Release|x64.ActiveCfg = Release|Any CPU
		{0106E195-91F4-44DE-BE30-76ADC006F5F9}.Release|x64.Build.0 = Release|Any CPU
		{0106E195-91F4-44DE-BE30-76ADC006F5F9}.Release|x64.Deploy.0 = Release|Any CPU
		{0106E195-91F4-44DE-BE30-76ADC006F5F9}.Release|x86.ActiveCfg = Release|Any CPU
		{0106E195-91F4-44DE-BE30-76ADC006F5F9}.Release|x86.Build.0 = Release|Any CPU
		{0106E195-91F4-44DE-BE30-76ADC006F5F9}.Release|x86.Deploy.0 = Release|Any CPU
		{32BCCF7F-5F0B-482F-B092-ACC0B853558D}.Ad-Hoc|Any CPU.ActiveCfg = Ad-Hoc|iPhoneSimulator
		{32BCCF7F-5F0B-482F-B092-ACC0B853558D}.Ad-Hoc|ARM.ActiveCfg = Ad-Hoc|iPhoneSimulator
		{32BCCF7F-5F0B-482F-B092-ACC0B853558D}.Ad-Hoc|ARM64.ActiveCfg = Ad-Hoc|iPhoneSimulator
		{32BCCF7F-5F0B-482F-B092-ACC0B853558D}.Ad-Hoc|iPhone.ActiveCfg = Ad-Hoc|iPhone
		{32BCCF7F-5F0B-482F-B092-ACC0B853558D}.Ad-Hoc|iPhone.Build.0 = Ad-Hoc|iPhone
		{32BCCF7F-5F0B-482F-B092-ACC0B853558D}.Ad-Hoc|iPhoneSimulator.ActiveCfg = Ad-Hoc|iPhoneSimulator
		{32BCCF7F-5F0B-482F-B092-ACC0B853558D}.Ad-Hoc|iPhoneSimulator.Build.0 = Ad-Hoc|iPhoneSimulator
		{32BCCF7F-5F0B-482F-B092-ACC0B853558D}.Ad-Hoc|x64.ActiveCfg = Ad-Hoc|iPhoneSimulator
		{32BCCF7F-5F0B-482F-B092-ACC0B853558D}.Ad-Hoc|x86.ActiveCfg = Ad-Hoc|iPhoneSimulator
		{32BCCF7F-5F0B-482F-B092-ACC0B853558D}.AppStore|Any CPU.ActiveCfg = AppStore|iPhoneSimulator
		{32BCCF7F-5F0B-482F-B092-ACC0B853558D}.AppStore|ARM.ActiveCfg = AppStore|iPhoneSimulator
		{32BCCF7F-5F0B-482F-B092-ACC0B853558D}.AppStore|ARM64.ActiveCfg = AppStore|iPhoneSimulator
		{32BCCF7F-5F0B-482F-B092-ACC0B853558D}.AppStore|iPhone.ActiveCfg = AppStore|iPhone
		{32BCCF7F-5F0B-482F-B092-ACC0B853558D}.AppStore|iPhone.Build.0 = AppStore|iPhone
		{32BCCF7F-5F0B-482F-B092-ACC0B853558D}.AppStore|iPhoneSimulator.ActiveCfg = AppStore|iPhoneSimulator
		{32BCCF7F-5F0B-482F-B092-ACC0B853558D}.AppStore|iPhoneSimulator.Build.0 = AppStore|iPhoneSimulator
		{32BCCF7F-5F0B-482F-B092-ACC0B853558D}.AppStore|x64.ActiveCfg = AppStore|iPhoneSimulator
		{32BCCF7F-5F0B-482F-B092-ACC0B853558D}.AppStore|x86.ActiveCfg = AppStore|iPhoneSimulator
		{32BCCF7F-5F0B-482F-B092-ACC0B853558D}.Debug|Any CPU.ActiveCfg = Debug|iPhoneSimulator
		{32BCCF7F-5F0B-482F-B092-ACC0B853558D}.Debug|ARM.ActiveCfg = Debug|iPhoneSimulator
		{32BCCF7F-5F0B-482F-B092-ACC0B853558D}.Debug|ARM64.ActiveCfg = Debug|iPhoneSimulator
		{32BCCF7F-5F0B-482F-B092-ACC0B853558D}.Debug|iPhone.ActiveCfg = Debug|iPhone
		{32BCCF7F-5F0B-482F-B092-ACC0B853558D}.Debug|iPhone.Build.0 = Debug|iPhone
		{32BCCF7F-5F0B-482F-B092-ACC0B853558D}.Debug|iPhoneSimulator.ActiveCfg = Debug|iPhoneSimulator
		{32BCCF7F-5F0B-482F-B092-ACC0B853558D}.Debug|iPhoneSimulator.Build.0 = Debug|iPhoneSimulator
		{32BCCF7F-5F0B-482F-B092-ACC0B853558D}.Debug|x64.ActiveCfg = Debug|iPhoneSimulator
		{32BCCF7F-5F0B-482F-B092-ACC0B853558D}.Debug|x86.ActiveCfg = Debug|iPhoneSimulator
		{32BCCF7F-5F0B-482F-B092-ACC0B853558D}.Release|Any CPU.ActiveCfg = Release|iPhoneSimulator
		{32BCCF7F-5F0B-482F-B092-ACC0B853558D}.Release|ARM.ActiveCfg = Release|iPhoneSimulator
		{32BCCF7F-5F0B-482F-B092-ACC0B853558D}.Release|ARM64.ActiveCfg = Release|iPhoneSimulator
		{32BCCF7F-5F0B-482F-B092-ACC0B853558D}.Release|iPhone.ActiveCfg = Release|iPhone
		{32BCCF7F-5F0B-482F-B092-ACC0B853558D}.Release|iPhone.Build.0 = Release|iPhone
		{32BCCF7F-5F0B-482F-B092-ACC0B853558D}.Release|iPhoneSimulator.ActiveCfg = Release|iPhoneSimulator
		{32BCCF7F-5F0B-482F-B092-ACC0B853558D}.Release|iPhoneSimulator.Build.0 = Release|iPhoneSimulator
		{32BCCF7F-5F0B-482F-B092-ACC0B853558D}.Release|x64.ActiveCfg = Release|iPhoneSimulator
		{32BCCF7F-5F0B-482F-B092-ACC0B853558D}.Release|x86.ActiveCfg = Release|iPhoneSimulator
		{F28A8593-8D1C-4D9E-8D34-A8F1F049336C}.Ad-Hoc|Any CPU.ActiveCfg = Debug|x86
		{F28A8593-8D1C-4D9E-8D34-A8F1F049336C}.Ad-Hoc|Any CPU.Build.0 = Debug|x86
		{F28A8593-8D1C-4D9E-8D34-A8F1F049336C}.Ad-Hoc|Any CPU.Deploy.0 = Debug|x86
		{F28A8593-8D1C-4D9E-8D34-A8F1F049336C}.Ad-Hoc|ARM.ActiveCfg = Debug|ARM
		{F28A8593-8D1C-4D9E-8D34-A8F1F049336C}.Ad-Hoc|ARM.Build.0 = Debug|ARM
		{F28A8593-8D1C-4D9E-8D34-A8F1F049336C}.Ad-Hoc|ARM.Deploy.0 = Debug|ARM
		{F28A8593-8D1C-4D9E-8D34-A8F1F049336C}.Ad-Hoc|ARM64.ActiveCfg = Debug|ARM64
		{F28A8593-8D1C-4D9E-8D34-A8F1F049336C}.Ad-Hoc|ARM64.Build.0 = Debug|ARM64
		{F28A8593-8D1C-4D9E-8D34-A8F1F049336C}.Ad-Hoc|ARM64.Deploy.0 = Debug|ARM64
		{F28A8593-8D1C-4D9E-8D34-A8F1F049336C}.Ad-Hoc|iPhone.ActiveCfg = Debug|x86
		{F28A8593-8D1C-4D9E-8D34-A8F1F049336C}.Ad-Hoc|iPhone.Build.0 = Debug|x86
		{F28A8593-8D1C-4D9E-8D34-A8F1F049336C}.Ad-Hoc|iPhone.Deploy.0 = Debug|x86
		{F28A8593-8D1C-4D9E-8D34-A8F1F049336C}.Ad-Hoc|iPhoneSimulator.ActiveCfg = Debug|x86
		{F28A8593-8D1C-4D9E-8D34-A8F1F049336C}.Ad-Hoc|iPhoneSimulator.Build.0 = Debug|x86
		{F28A8593-8D1C-4D9E-8D34-A8F1F049336C}.Ad-Hoc|iPhoneSimulator.Deploy.0 = Debug|x86
		{F28A8593-8D1C-4D9E-8D34-A8F1F049336C}.Ad-Hoc|x64.ActiveCfg = Debug|x64
		{F28A8593-8D1C-4D9E-8D34-A8F1F049336C}.Ad-Hoc|x64.Build.0 = Debug|x64
		{F28A8593-8D1C-4D9E-8D34-A8F1F049336C}.Ad-Hoc|x64.Deploy.0 = Debug|x64
		{F28A8593-8D1C-4D9E-8D34-A8F1F049336C}.Ad-Hoc|x86.ActiveCfg = Debug|x86
		{F28A8593-8D1C-4D9E-8D34-A8F1F049336C}.Ad-Hoc|x86.Build.0 = Debug|x86
		{F28A8593-8D1C-4D9E-8D34-A8F1F049336C}.Ad-Hoc|x86.Deploy.0 = Debug|x86
		{F28A8593-8D1C-4D9E-8D34-A8F1F049336C}.AppStore|Any CPU.ActiveCfg = Debug|x86
		{F28A8593-8D1C-4D9E-8D34-A8F1F049336C}.AppStore|Any CPU.Build.0 = Debug|x86
		{F28A8593-8D1C-4D9E-8D34-A8F1F049336C}.AppStore|Any CPU.Deploy.0 = Debug|x86
		{F28A8593-8D1C-4D9E-8D34-A8F1F049336C}.AppStore|ARM.ActiveCfg = Debug|ARM
		{F28A8593-8D1C-4D9E-8D34-A8F1F049336C}.AppStore|ARM.Build.0 = Debug|ARM
		{F28A8593-8D1C-4D9E-8D34-A8F1F049336C}.AppStore|ARM.Deploy.0 = Debug|ARM
		{F28A8593-8D1C-4D9E-8D34-A8F1F049336C}.AppStore|ARM64.ActiveCfg = Debug|ARM64
		{F28A8593-8D1C-4D9E-8D34-A8F1F049336C}.AppStore|ARM64.Build.0 = Debug|ARM64
		{F28A8593-8D1C-4D9E-8D34-A8F1F049336C}.AppStore|ARM64.Deploy.0 = Debug|ARM64
		{F28A8593-8D1C-4D9E-8D34-A8F1F049336C}.AppStore|iPhone.ActiveCfg = Debug|x86
		{F28A8593-8D1C-4D9E-8D34-A8F1F049336C}.AppStore|iPhone.Build.0 = Debug|x86
		{F28A8593-8D1C-4D9E-8D34-A8F1F049336C}.AppStore|iPhone.Deploy.0 = Debug|x86
		{F28A8593-8D1C-4D9E-8D34-A8F1F049336C}.AppStore|iPhoneSimulator.ActiveCfg = Debug|x86
		{F28A8593-8D1C-4D9E-8D34-A8F1F049336C}.AppStore|iPhoneSimulator.Build.0 = Debug|x86
		{F28A8593-8D1C-4D9E-8D34-A8F1F049336C}.AppStore|iPhoneSimulator.Deploy.0 = Debug|x86
		{F28A8593-8D1C-4D9E-8D34-A8F1F049336C}.AppStore|x64.ActiveCfg = Debug|x64
		{F28A8593-8D1C-4D9E-8D34-A8F1F049336C}.AppStore|x64.Build.0 = Debug|x64
		{F28A8593-8D1C-4D9E-8D34-A8F1F049336C}.AppStore|x64.Deploy.0 = Debug|x64
		{F28A8593-8D1C-4D9E-8D34-A8F1F049336C}.AppStore|x86.ActiveCfg = Debug|x86
		{F28A8593-8D1C-4D9E-8D34-A8F1F049336C}.AppStore|x86.Build.0 = Debug|x86
		{F28A8593-8D1C-4D9E-8D34-A8F1F049336C}.AppStore|x86.Deploy.0 = Debug|x86
		{F28A8593-8D1C-4D9E-8D34-A8F1F049336C}.Debug|Any CPU.ActiveCfg = Debug|x86
		{F28A8593-8D1C-4D9E-8D34-A8F1F049336C}.Debug|ARM.ActiveCfg = Debug|ARM
		{F28A8593-8D1C-4D9E-8D34-A8F1F049336C}.Debug|ARM.Build.0 = Debug|ARM
		{F28A8593-8D1C-4D9E-8D34-A8F1F049336C}.Debug|ARM.Deploy.0 = Debug|ARM
		{F28A8593-8D1C-4D9E-8D34-A8F1F049336C}.Debug|ARM64.ActiveCfg = Debug|ARM64
		{F28A8593-8D1C-4D9E-8D34-A8F1F049336C}.Debug|ARM64.Build.0 = Debug|ARM64
		{F28A8593-8D1C-4D9E-8D34-A8F1F049336C}.Debug|ARM64.Deploy.0 = Debug|ARM64
		{F28A8593-8D1C-4D9E-8D34-A8F1F049336C}.Debug|iPhone.ActiveCfg = Debug|x86
		{F28A8593-8D1C-4D9E-8D34-A8F1F049336C}.Debug|iPhoneSimulator.ActiveCfg = Debug|x86
		{F28A8593-8D1C-4D9E-8D34-A8F1F049336C}.Debug|x64.ActiveCfg = Debug|x64
		{F28A8593-8D1C-4D9E-8D34-A8F1F049336C}.Debug|x64.Build.0 = Debug|x64
		{F28A8593-8D1C-4D9E-8D34-A8F1F049336C}.Debug|x64.Deploy.0 = Debug|x64
		{F28A8593-8D1C-4D9E-8D34-A8F1F049336C}.Debug|x86.ActiveCfg = Debug|x86
		{F28A8593-8D1C-4D9E-8D34-A8F1F049336C}.Debug|x86.Build.0 = Debug|x86
		{F28A8593-8D1C-4D9E-8D34-A8F1F049336C}.Debug|x86.Deploy.0 = Debug|x86
		{F28A8593-8D1C-4D9E-8D34-A8F1F049336C}.Release|Any CPU.ActiveCfg = Release|x86
		{F28A8593-8D1C-4D9E-8D34-A8F1F049336C}.Release|ARM.ActiveCfg = Release|ARM
		{F28A8593-8D1C-4D9E-8D34-A8F1F049336C}.Release|ARM.Build.0 = Release|ARM
		{F28A8593-8D1C-4D9E-8D34-A8F1F049336C}.Release|ARM.Deploy.0 = Release|ARM
		{F28A8593-8D1C-4D9E-8D34-A8F1F049336C}.Release|ARM64.ActiveCfg = Release|ARM64
		{F28A8593-8D1C-4D9E-8D34-A8F1F049336C}.Release|ARM64.Build.0 = Release|ARM64
		{F28A8593-8D1C-4D9E-8D34-A8F1F049336C}.Release|ARM64.Deploy.0 = Release|ARM64
		{F28A8593-8D1C-4D9E-8D34-A8F1F049336C}.Release|iPhone.ActiveCfg = Release|x86
		{F28A8593-8D1C-4D9E-8D34-A8F1F049336C}.Release|iPhoneSimulator.ActiveCfg = Release|x86
		{F28A8593-8D1C-4D9E-8D34-A8F1F049336C}.Release|x64.ActiveCfg = Release|x64
		{F28A8593-8D1C-4D9E-8D34-A8F1F049336C}.Release|x64.Build.0 = Release|x64
		{F28A8593-8D1C-4D9E-8D34-A8F1F049336C}.Release|x64.Deploy.0 = Release|x64
		{F28A8593-8D1C-4D9E-8D34-A8F1F049336C}.Release|x86.ActiveCfg = Release|x86
		{F28A8593-8D1C-4D9E-8D34-A8F1F049336C}.Release|x86.Build.0 = Release|x86
		{F28A8593-8D1C-4D9E-8D34-A8F1F049336C}.Release|x86.Deploy.0 = Release|x86
		{2D5D40C6-3F17-4913-A405-721E34FD142D}.Ad-Hoc|Any CPU.ActiveCfg = Release|Any CPU
		{2D5D40C6-3F17-4913-A405-721E34FD142D}.Ad-Hoc|Any CPU.Build.0 = Release|Any CPU
		{2D5D40C6-3F17-4913-A405-721E34FD142D}.Ad-Hoc|ARM.ActiveCfg = Release|Any CPU
		{2D5D40C6-3F17-4913-A405-721E34FD142D}.Ad-Hoc|ARM.Build.0 = Release|Any CPU
		{2D5D40C6-3F17-4913-A405-721E34FD142D}.Ad-Hoc|ARM64.ActiveCfg = Release|Any CPU
		{2D5D40C6-3F17-4913-A405-721E34FD142D}.Ad-Hoc|ARM64.Build.0 = Release|Any CPU
		{2D5D40C6-3F17-4913-A405-721E34FD142D}.Ad-Hoc|iPhone.ActiveCfg = Release|Any CPU
		{2D5D40C6-3F17-4913-A405-721E34FD142D}.Ad-Hoc|iPhone.Build.0 = Release|Any CPU
		{2D5D40C6-3F17-4913-A405-721E34FD142D}.Ad-Hoc|iPhoneSimulator.ActiveCfg = Release|Any CPU
		{2D5D40C6-3F17-4913-A405-721E34FD142D}.Ad-Hoc|iPhoneSimulator.Build.0 = Release|Any CPU
		{2D5D40C6-3F17-4913-A405-721E34FD142D}.Ad-Hoc|x64.ActiveCfg = Release|Any CPU
		{2D5D40C6-3F17-4913-A405-721E34FD142D}.Ad-Hoc|x64.Build.0 = Release|Any CPU
		{2D5D40C6-3F17-4913-A405-721E34FD142D}.Ad-Hoc|x86.ActiveCfg = Release|Any CPU
		{2D5D40C6-3F17-4913-A405-721E34FD142D}.Ad-Hoc|x86.Build.0 = Release|Any CPU
		{2D5D40C6-3F17-4913-A405-721E34FD142D}.AppStore|Any CPU.ActiveCfg = Release|Any CPU
		{2D5D40C6-3F17-4913-A405-721E34FD142D}.AppStore|Any CPU.Build.0 = Release|Any CPU
		{2D5D40C6-3F17-4913-A405-721E34FD142D}.AppStore|ARM.ActiveCfg = Release|Any CPU
		{2D5D40C6-3F17-4913-A405-721E34FD142D}.AppStore|ARM.Build.0 = Release|Any CPU
		{2D5D40C6-3F17-4913-A405-721E34FD142D}.AppStore|ARM64.ActiveCfg = Release|Any CPU
		{2D5D40C6-3F17-4913-A405-721E34FD142D}.AppStore|ARM64.Build.0 = Release|Any CPU
		{2D5D40C6-3F17-4913-A405-721E34FD142D}.AppStore|iPhone.ActiveCfg = Release|Any CPU
		{2D5D40C6-3F17-4913-A405-721E34FD142D}.AppStore|iPhone.Build.0 = Release|Any CPU
		{2D5D40C6-3F17-4913-A405-721E34FD142D}.AppStore|iPhoneSimulator.ActiveCfg = Release|Any CPU
		{2D5D40C6-3F17-4913-A405-721E34FD142D}.AppStore|iPhoneSimulator.Build.0 = Release|Any CPU
		{2D5D40C6-3F17-4913-A405-721E34FD142D}.AppStore|x64.ActiveCfg = Release|Any CPU
		{2D5D40C6-3F17-4913-A405-721E34FD142D}.AppStore|x64.Build.0 = Release|Any CPU
		{2D5D40C6-3F17-4913-A405-721E34FD142D}.AppStore|x86.ActiveCfg = Release|Any CPU
		{2D5D40C6-3F17-4913-A405-721E34FD142D}.AppStore|x86.Build.0 = Release|Any CPU
		{2D5D40C6-3F17-4913-A405-721E34FD142D}.Debug|Any CPU.ActiveCfg = Debug|Any CPU
		{2D5D40C6-3F17-4913-A405-721E34FD142D}.Debug|Any CPU.Build.0 = Debug|Any CPU
		{2D5D40C6-3F17-4913-A405-721E34FD142D}.Debug|ARM.ActiveCfg = Debug|Any CPU
		{2D5D40C6-3F17-4913-A405-721E34FD142D}.Debug|ARM.Build.0 = Debug|Any CPU
		{2D5D40C6-3F17-4913-A405-721E34FD142D}.Debug|ARM64.ActiveCfg = Debug|Any CPU
		{2D5D40C6-3F17-4913-A405-721E34FD142D}.Debug|ARM64.Build.0 = Debug|Any CPU
		{2D5D40C6-3F17-4913-A405-721E34FD142D}.Debug|iPhone.ActiveCfg = Debug|Any CPU
		{2D5D40C6-3F17-4913-A405-721E34FD142D}.Debug|iPhone.Build.0 = Debug|Any CPU
		{2D5D40C6-3F17-4913-A405-721E34FD142D}.Debug|iPhoneSimulator.ActiveCfg = Debug|Any CPU
		{2D5D40C6-3F17-4913-A405-721E34FD142D}.Debug|iPhoneSimulator.Build.0 = Debug|Any CPU
		{2D5D40C6-3F17-4913-A405-721E34FD142D}.Debug|x64.ActiveCfg = Debug|Any CPU
		{2D5D40C6-3F17-4913-A405-721E34FD142D}.Debug|x64.Build.0 = Debug|Any CPU
		{2D5D40C6-3F17-4913-A405-721E34FD142D}.Debug|x86.ActiveCfg = Debug|Any CPU
		{2D5D40C6-3F17-4913-A405-721E34FD142D}.Debug|x86.Build.0 = Debug|Any CPU
		{2D5D40C6-3F17-4913-A405-721E34FD142D}.Release|Any CPU.ActiveCfg = Release|Any CPU
		{2D5D40C6-3F17-4913-A405-721E34FD142D}.Release|Any CPU.Build.0 = Release|Any CPU
		{2D5D40C6-3F17-4913-A405-721E34FD142D}.Release|ARM.ActiveCfg = Release|Any CPU
		{2D5D40C6-3F17-4913-A405-721E34FD142D}.Release|ARM.Build.0 = Release|Any CPU
		{2D5D40C6-3F17-4913-A405-721E34FD142D}.Release|ARM64.ActiveCfg = Release|Any CPU
		{2D5D40C6-3F17-4913-A405-721E34FD142D}.Release|ARM64.Build.0 = Release|Any CPU
		{2D5D40C6-3F17-4913-A405-721E34FD142D}.Release|iPhone.ActiveCfg = Release|Any CPU
		{2D5D40C6-3F17-4913-A405-721E34FD142D}.Release|iPhone.Build.0 = Release|Any CPU
		{2D5D40C6-3F17-4913-A405-721E34FD142D}.Release|iPhoneSimulator.ActiveCfg = Release|Any CPU
		{2D5D40C6-3F17-4913-A405-721E34FD142D}.Release|iPhoneSimulator.Build.0 = Release|Any CPU
		{2D5D40C6-3F17-4913-A405-721E34FD142D}.Release|x64.ActiveCfg = Release|Any CPU
		{2D5D40C6-3F17-4913-A405-721E34FD142D}.Release|x64.Build.0 = Release|Any CPU
		{2D5D40C6-3F17-4913-A405-721E34FD142D}.Release|x86.ActiveCfg = Release|Any CPU
		{2D5D40C6-3F17-4913-A405-721E34FD142D}.Release|x86.Build.0 = Release|Any CPU
		{39340A52-0419-4928-A333-4BA635CC7181}.Ad-Hoc|Any CPU.ActiveCfg = Debug|iPhoneSimulator
		{39340A52-0419-4928-A333-4BA635CC7181}.Ad-Hoc|Any CPU.Build.0 = Debug|iPhoneSimulator
		{39340A52-0419-4928-A333-4BA635CC7181}.Ad-Hoc|ARM.ActiveCfg = Debug|iPhoneSimulator
		{39340A52-0419-4928-A333-4BA635CC7181}.Ad-Hoc|ARM.Build.0 = Debug|iPhoneSimulator
		{39340A52-0419-4928-A333-4BA635CC7181}.Ad-Hoc|ARM64.ActiveCfg = Debug|iPhoneSimulator
		{39340A52-0419-4928-A333-4BA635CC7181}.Ad-Hoc|ARM64.Build.0 = Debug|iPhoneSimulator
		{39340A52-0419-4928-A333-4BA635CC7181}.Ad-Hoc|iPhone.ActiveCfg = Debug|iPhoneSimulator
		{39340A52-0419-4928-A333-4BA635CC7181}.Ad-Hoc|iPhone.Build.0 = Debug|iPhoneSimulator
		{39340A52-0419-4928-A333-4BA635CC7181}.Ad-Hoc|iPhoneSimulator.ActiveCfg = Debug|iPhoneSimulator
		{39340A52-0419-4928-A333-4BA635CC7181}.Ad-Hoc|iPhoneSimulator.Build.0 = Debug|iPhoneSimulator
		{39340A52-0419-4928-A333-4BA635CC7181}.Ad-Hoc|x64.ActiveCfg = Debug|iPhoneSimulator
		{39340A52-0419-4928-A333-4BA635CC7181}.Ad-Hoc|x64.Build.0 = Debug|iPhoneSimulator
		{39340A52-0419-4928-A333-4BA635CC7181}.Ad-Hoc|x86.ActiveCfg = Debug|iPhoneSimulator
		{39340A52-0419-4928-A333-4BA635CC7181}.Ad-Hoc|x86.Build.0 = Debug|iPhoneSimulator
		{39340A52-0419-4928-A333-4BA635CC7181}.AppStore|Any CPU.ActiveCfg = Debug|iPhoneSimulator
		{39340A52-0419-4928-A333-4BA635CC7181}.AppStore|Any CPU.Build.0 = Debug|iPhoneSimulator
		{39340A52-0419-4928-A333-4BA635CC7181}.AppStore|ARM.ActiveCfg = Debug|iPhoneSimulator
		{39340A52-0419-4928-A333-4BA635CC7181}.AppStore|ARM.Build.0 = Debug|iPhoneSimulator
		{39340A52-0419-4928-A333-4BA635CC7181}.AppStore|ARM64.ActiveCfg = Debug|iPhoneSimulator
		{39340A52-0419-4928-A333-4BA635CC7181}.AppStore|ARM64.Build.0 = Debug|iPhoneSimulator
		{39340A52-0419-4928-A333-4BA635CC7181}.AppStore|iPhone.ActiveCfg = Debug|iPhoneSimulator
		{39340A52-0419-4928-A333-4BA635CC7181}.AppStore|iPhone.Build.0 = Debug|iPhoneSimulator
		{39340A52-0419-4928-A333-4BA635CC7181}.AppStore|iPhoneSimulator.ActiveCfg = Debug|iPhoneSimulator
		{39340A52-0419-4928-A333-4BA635CC7181}.AppStore|iPhoneSimulator.Build.0 = Debug|iPhoneSimulator
		{39340A52-0419-4928-A333-4BA635CC7181}.AppStore|x64.ActiveCfg = Debug|iPhoneSimulator
		{39340A52-0419-4928-A333-4BA635CC7181}.AppStore|x64.Build.0 = Debug|iPhoneSimulator
		{39340A52-0419-4928-A333-4BA635CC7181}.AppStore|x86.ActiveCfg = Debug|iPhoneSimulator
		{39340A52-0419-4928-A333-4BA635CC7181}.AppStore|x86.Build.0 = Debug|iPhoneSimulator
		{39340A52-0419-4928-A333-4BA635CC7181}.Debug|Any CPU.ActiveCfg = Debug|iPhoneSimulator
		{39340A52-0419-4928-A333-4BA635CC7181}.Debug|ARM.ActiveCfg = Debug|iPhoneSimulator
		{39340A52-0419-4928-A333-4BA635CC7181}.Debug|ARM64.ActiveCfg = Debug|iPhoneSimulator
		{39340A52-0419-4928-A333-4BA635CC7181}.Debug|iPhone.ActiveCfg = Debug|iPhoneSimulator
		{39340A52-0419-4928-A333-4BA635CC7181}.Debug|iPhoneSimulator.ActiveCfg = Debug|iPhoneSimulator
		{39340A52-0419-4928-A333-4BA635CC7181}.Debug|iPhoneSimulator.Build.0 = Debug|iPhoneSimulator
		{39340A52-0419-4928-A333-4BA635CC7181}.Debug|x64.ActiveCfg = Debug|iPhoneSimulator
		{39340A52-0419-4928-A333-4BA635CC7181}.Debug|x86.ActiveCfg = Debug|iPhoneSimulator
		{39340A52-0419-4928-A333-4BA635CC7181}.Release|Any CPU.ActiveCfg = Release|iPhoneSimulator
		{39340A52-0419-4928-A333-4BA635CC7181}.Release|ARM.ActiveCfg = Release|iPhoneSimulator
		{39340A52-0419-4928-A333-4BA635CC7181}.Release|ARM64.ActiveCfg = Release|iPhoneSimulator
		{39340A52-0419-4928-A333-4BA635CC7181}.Release|iPhone.ActiveCfg = Release|iPhoneSimulator
		{39340A52-0419-4928-A333-4BA635CC7181}.Release|iPhoneSimulator.ActiveCfg = Release|iPhoneSimulator
		{39340A52-0419-4928-A333-4BA635CC7181}.Release|iPhoneSimulator.Build.0 = Release|iPhoneSimulator
		{39340A52-0419-4928-A333-4BA635CC7181}.Release|x64.ActiveCfg = Release|iPhoneSimulator
		{39340A52-0419-4928-A333-4BA635CC7181}.Release|x86.ActiveCfg = Release|iPhoneSimulator
	EndGlobalSection
	GlobalSection(SolutionProperties) = preSolution
		HideSolutionNode = FALSE
	EndGlobalSection
	GlobalSection(ExtensibilityGlobals) = postSolution
		SolutionGuid = {2121DD58-17BC-4A80-BF16-16E8D6D43C94}
	EndGlobalSection
EndGlobal
